// !$*UTF8*$!
{
	archiveVersion = 1;
	classes = {
	};
	objectVersion = 56;
	objects = {

/* Begin PBXBuildFile section */
		CECD8B4D2BFB5DE4008F421B /* MoviesProApp.swift in Sources */ = {isa = PBXBuildFile; fileRef = CECD8B4C2BFB5DE4008F421B /* MoviesProApp.swift */; };
		CECD8B4F2BFB5DE4008F421B /* ContentView.swift in Sources */ = {isa = PBXBuildFile; fileRef = CECD8B4E2BFB5DE4008F421B /* ContentView.swift */; };
		CECD8B512BFB5DE6008F421B /* Assets.xcassets in Resources */ = {isa = PBXBuildFile; fileRef = CECD8B502BFB5DE6008F421B /* Assets.xcassets */; };
		CECD8B542BFB5DE6008F421B /* Preview Assets.xcassets in Resources */ = {isa = PBXBuildFile; fileRef = CECD8B532BFB5DE6008F421B /* Preview Assets.xcassets */; };
		CECD8B5C2BFB5F6D008F421B /* Realm in Frameworks */ = {isa = PBXBuildFile; productRef = CECD8B5B2BFB5F6D008F421B /* Realm */; };
		CECD8B5E2BFB5F6D008F421B /* RealmSwift in Frameworks */ = {isa = PBXBuildFile; productRef = CECD8B5D2BFB5F6D008F421B /* RealmSwift */; };
		CECD8B812BFB6094008F421B /* HTTPMethod.swift in Sources */ = {isa = PBXBuildFile; fileRef = CECD8B602BFB6094008F421B /* HTTPMethod.swift */; };
		CECD8B822BFB6094008F421B /* HTTPStatusCode.swift in Sources */ = {isa = PBXBuildFile; fileRef = CECD8B612BFB6094008F421B /* HTTPStatusCode.swift */; };
		CECD8B832BFB6094008F421B /* CertificatesSecurity.swift in Sources */ = {isa = PBXBuildFile; fileRef = CECD8B632BFB6094008F421B /* CertificatesSecurity.swift */; };
		CECD8B842BFB6094008F421B /* CredentialSecurity.swift in Sources */ = {isa = PBXBuildFile; fileRef = CECD8B642BFB6094008F421B /* CredentialSecurity.swift */; };
		CECD8B852BFB6094008F421B /* HTTPSecurity.swift in Sources */ = {isa = PBXBuildFile; fileRef = CECD8B652BFB6094008F421B /* HTTPSecurity.swift */; };
		CECD8B862BFB6094008F421B /* SelfSignedCertsSecurity.swift in Sources */ = {isa = PBXBuildFile; fileRef = CECD8B662BFB6094008F421B /* SelfSignedCertsSecurity.swift */; };
		CECD8B872BFB6094008F421B /* SSLCertificate.swift in Sources */ = {isa = PBXBuildFile; fileRef = CECD8B672BFB6094008F421B /* SSLCertificate.swift */; };
		CECD8B882BFB6094008F421B /* HTTPBody.swift in Sources */ = {isa = PBXBuildFile; fileRef = CECD8B692BFB6094008F421B /* HTTPBody.swift */; };
		CECD8B892BFB6094008F421B /* HTTPClient.swift in Sources */ = {isa = PBXBuildFile; fileRef = CECD8B6A2BFB6094008F421B /* HTTPClient.swift */; };
		CECD8B8A2BFB6094008F421B /* HTTPContentType.swift in Sources */ = {isa = PBXBuildFile; fileRef = CECD8B6B2BFB6094008F421B /* HTTPContentType.swift */; };
		CECD8B8B2BFB6094008F421B /* HTTPDataLoader.swift in Sources */ = {isa = PBXBuildFile; fileRef = CECD8B6C2BFB6094008F421B /* HTTPDataLoader.swift */; };
		CECD8B8C2BFB6094008F421B /* HTTPDataLoaderResponse.swift in Sources */ = {isa = PBXBuildFile; fileRef = CECD8B6D2BFB6094008F421B /* HTTPDataLoaderResponse.swift */; };
		CECD8B8D2BFB6094008F421B /* HTTPDefaultValidator.swift in Sources */ = {isa = PBXBuildFile; fileRef = CECD8B6E2BFB6094008F421B /* HTTPDefaultValidator.swift */; };
		CECD8B8E2BFB6094008F421B /* HTTPError.swift in Sources */ = {isa = PBXBuildFile; fileRef = CECD8B6F2BFB6094008F421B /* HTTPError.swift */; };
		CECD8B8F2BFB6094008F421B /* HTTPHeaders.swift in Sources */ = {isa = PBXBuildFile; fileRef = CECD8B702BFB6094008F421B /* HTTPHeaders.swift */; };
		CECD8B902BFB6094008F421B /* HTTPProgress.swift in Sources */ = {isa = PBXBuildFile; fileRef = CECD8B712BFB6094008F421B /* HTTPProgress.swift */; };
		CECD8B912BFB6094008F421B /* HTTPRequest.swift in Sources */ = {isa = PBXBuildFile; fileRef = CECD8B722BFB6094008F421B /* HTTPRequest.swift */; };
		CECD8B922BFB6094008F421B /* HTTPResponse.swift in Sources */ = {isa = PBXBuildFile; fileRef = CECD8B732BFB6094008F421B /* HTTPResponse.swift */; };
		CECD8B932BFB6094008F421B /* HTTPResponseTransform.swift in Sources */ = {isa = PBXBuildFile; fileRef = CECD8B742BFB6094008F421B /* HTTPResponseTransform.swift */; };
		CECD8B942BFB6094008F421B /* HTTPScheme.swift in Sources */ = {isa = PBXBuildFile; fileRef = CECD8B752BFB6094008F421B /* HTTPScheme.swift */; };
		CECD8B952BFB6094008F421B /* HTTPSerializableBody.swift in Sources */ = {isa = PBXBuildFile; fileRef = CECD8B762BFB6094008F421B /* HTTPSerializableBody.swift */; };
		CECD8B962BFB6094008F421B /* HTTPValidator.swift in Sources */ = {isa = PBXBuildFile; fileRef = CECD8B772BFB6094008F421B /* HTTPValidator.swift */; };
		CECD8B972BFB6094008F421B /* MIMEType.swift in Sources */ = {isa = PBXBuildFile; fileRef = CECD8B782BFB6094008F421B /* MIMEType.swift */; };
		CECD8B982BFB6094008F421B /* RWLock.swift in Sources */ = {isa = PBXBuildFile; fileRef = CECD8B792BFB6094008F421B /* RWLock.swift */; };
		CECD8B992BFB6094008F421B /* StreamContent.swift in Sources */ = {isa = PBXBuildFile; fileRef = CECD8B7A2BFB6094008F421B /* StreamContent.swift */; };
		CECD8B9A2BFB6094008F421B /* TargetType.swift in Sources */ = {isa = PBXBuildFile; fileRef = CECD8B7B2BFB6094008F421B /* TargetType.swift */; };
		CECD8B9B2BFB6094008F421B /* URITemplate.swift in Sources */ = {isa = PBXBuildFile; fileRef = CECD8B7C2BFB6094008F421B /* URITemplate.swift */; };
		CECD8B9C2BFB6094008F421B /* URL+Extension.swift in Sources */ = {isa = PBXBuildFile; fileRef = CECD8B7D2BFB6094008F421B /* URL+Extension.swift */; };
		CECD8B9D2BFB6094008F421B /* URLParametersData.swift in Sources */ = {isa = PBXBuildFile; fileRef = CECD8B7E2BFB6094008F421B /* URLParametersData.swift */; };
		CECD8B9E2BFB6094008F421B /* URLRequest+Extension.swift in Sources */ = {isa = PBXBuildFile; fileRef = CECD8B7F2BFB6094008F421B /* URLRequest+Extension.swift */; };
		CECD8BA02BFB609F008F421B /* BaseClient.swift in Sources */ = {isa = PBXBuildFile; fileRef = CECD8B9F2BFB609F008F421B /* BaseClient.swift */; };
/* End PBXBuildFile section */

/* Begin PBXFileReference section */
		CECD8B492BFB5DE4008F421B /* MoviesPro.app */ = {isa = PBXFileReference; explicitFileType = wrapper.application; includeInIndex = 0; path = MoviesPro.app; sourceTree = BUILT_PRODUCTS_DIR; };
		CECD8B4C2BFB5DE4008F421B /* MoviesProApp.swift */ = {isa = PBXFileReference; lastKnownFileType = sourcecode.swift; path = MoviesProApp.swift; sourceTree = "<group>"; };
		CECD8B4E2BFB5DE4008F421B /* ContentView.swift */ = {isa = PBXFileReference; lastKnownFileType = sourcecode.swift; path = ContentView.swift; sourceTree = "<group>"; };
		CECD8B502BFB5DE6008F421B /* Assets.xcassets */ = {isa = PBXFileReference; lastKnownFileType = folder.assetcatalog; path = Assets.xcassets; sourceTree = "<group>"; };
		CECD8B532BFB5DE6008F421B /* Preview Assets.xcassets */ = {isa = PBXFileReference; lastKnownFileType = folder.assetcatalog; path = "Preview Assets.xcassets"; sourceTree = "<group>"; };
		CECD8B602BFB6094008F421B /* HTTPMethod.swift */ = {isa = PBXFileReference; fileEncoding = 4; lastKnownFileType = sourcecode.swift; path = HTTPMethod.swift; sourceTree = "<group>"; };
		CECD8B612BFB6094008F421B /* HTTPStatusCode.swift */ = {isa = PBXFileReference; fileEncoding = 4; lastKnownFileType = sourcecode.swift; path = HTTPStatusCode.swift; sourceTree = "<group>"; };
		CECD8B632BFB6094008F421B /* CertificatesSecurity.swift */ = {isa = PBXFileReference; fileEncoding = 4; lastKnownFileType = sourcecode.swift; path = CertificatesSecurity.swift; sourceTree = "<group>"; };
		CECD8B642BFB6094008F421B /* CredentialSecurity.swift */ = {isa = PBXFileReference; fileEncoding = 4; lastKnownFileType = sourcecode.swift; path = CredentialSecurity.swift; sourceTree = "<group>"; };
		CECD8B652BFB6094008F421B /* HTTPSecurity.swift */ = {isa = PBXFileReference; fileEncoding = 4; lastKnownFileType = sourcecode.swift; path = HTTPSecurity.swift; sourceTree = "<group>"; };
		CECD8B662BFB6094008F421B /* SelfSignedCertsSecurity.swift */ = {isa = PBXFileReference; fileEncoding = 4; lastKnownFileType = sourcecode.swift; path = SelfSignedCertsSecurity.swift; sourceTree = "<group>"; };
		CECD8B672BFB6094008F421B /* SSLCertificate.swift */ = {isa = PBXFileReference; fileEncoding = 4; lastKnownFileType = sourcecode.swift; path = SSLCertificate.swift; sourceTree = "<group>"; };
		CECD8B692BFB6094008F421B /* HTTPBody.swift */ = {isa = PBXFileReference; fileEncoding = 4; lastKnownFileType = sourcecode.swift; path = HTTPBody.swift; sourceTree = "<group>"; };
		CECD8B6A2BFB6094008F421B /* HTTPClient.swift */ = {isa = PBXFileReference; fileEncoding = 4; lastKnownFileType = sourcecode.swift; path = HTTPClient.swift; sourceTree = "<group>"; };
		CECD8B6B2BFB6094008F421B /* HTTPContentType.swift */ = {isa = PBXFileReference; fileEncoding = 4; lastKnownFileType = sourcecode.swift; path = HTTPContentType.swift; sourceTree = "<group>"; };
		CECD8B6C2BFB6094008F421B /* HTTPDataLoader.swift */ = {isa = PBXFileReference; fileEncoding = 4; lastKnownFileType = sourcecode.swift; path = HTTPDataLoader.swift; sourceTree = "<group>"; };
		CECD8B6D2BFB6094008F421B /* HTTPDataLoaderResponse.swift */ = {isa = PBXFileReference; fileEncoding = 4; lastKnownFileType = sourcecode.swift; path = HTTPDataLoaderResponse.swift; sourceTree = "<group>"; };
		CECD8B6E2BFB6094008F421B /* HTTPDefaultValidator.swift */ = {isa = PBXFileReference; fileEncoding = 4; lastKnownFileType = sourcecode.swift; path = HTTPDefaultValidator.swift; sourceTree = "<group>"; };
		CECD8B6F2BFB6094008F421B /* HTTPError.swift */ = {isa = PBXFileReference; fileEncoding = 4; lastKnownFileType = sourcecode.swift; path = HTTPError.swift; sourceTree = "<group>"; };
		CECD8B702BFB6094008F421B /* HTTPHeaders.swift */ = {isa = PBXFileReference; fileEncoding = 4; lastKnownFileType = sourcecode.swift; path = HTTPHeaders.swift; sourceTree = "<group>"; };
		CECD8B712BFB6094008F421B /* HTTPProgress.swift */ = {isa = PBXFileReference; fileEncoding = 4; lastKnownFileType = sourcecode.swift; path = HTTPProgress.swift; sourceTree = "<group>"; };
		CECD8B722BFB6094008F421B /* HTTPRequest.swift */ = {isa = PBXFileReference; fileEncoding = 4; lastKnownFileType = sourcecode.swift; path = HTTPRequest.swift; sourceTree = "<group>"; };
		CECD8B732BFB6094008F421B /* HTTPResponse.swift */ = {isa = PBXFileReference; fileEncoding = 4; lastKnownFileType = sourcecode.swift; path = HTTPResponse.swift; sourceTree = "<group>"; };
		CECD8B742BFB6094008F421B /* HTTPResponseTransform.swift */ = {isa = PBXFileReference; fileEncoding = 4; lastKnownFileType = sourcecode.swift; path = HTTPResponseTransform.swift; sourceTree = "<group>"; };
		CECD8B752BFB6094008F421B /* HTTPScheme.swift */ = {isa = PBXFileReference; fileEncoding = 4; lastKnownFileType = sourcecode.swift; path = HTTPScheme.swift; sourceTree = "<group>"; };
		CECD8B762BFB6094008F421B /* HTTPSerializableBody.swift */ = {isa = PBXFileReference; fileEncoding = 4; lastKnownFileType = sourcecode.swift; path = HTTPSerializableBody.swift; sourceTree = "<group>"; };
		CECD8B772BFB6094008F421B /* HTTPValidator.swift */ = {isa = PBXFileReference; fileEncoding = 4; lastKnownFileType = sourcecode.swift; path = HTTPValidator.swift; sourceTree = "<group>"; };
		CECD8B782BFB6094008F421B /* MIMEType.swift */ = {isa = PBXFileReference; fileEncoding = 4; lastKnownFileType = sourcecode.swift; path = MIMEType.swift; sourceTree = "<group>"; };
		CECD8B792BFB6094008F421B /* RWLock.swift */ = {isa = PBXFileReference; fileEncoding = 4; lastKnownFileType = sourcecode.swift; path = RWLock.swift; sourceTree = "<group>"; };
		CECD8B7A2BFB6094008F421B /* StreamContent.swift */ = {isa = PBXFileReference; fileEncoding = 4; lastKnownFileType = sourcecode.swift; path = StreamContent.swift; sourceTree = "<group>"; };
		CECD8B7B2BFB6094008F421B /* TargetType.swift */ = {isa = PBXFileReference; fileEncoding = 4; lastKnownFileType = sourcecode.swift; path = TargetType.swift; sourceTree = "<group>"; };
		CECD8B7C2BFB6094008F421B /* URITemplate.swift */ = {isa = PBXFileReference; fileEncoding = 4; lastKnownFileType = sourcecode.swift; path = URITemplate.swift; sourceTree = "<group>"; };
		CECD8B7D2BFB6094008F421B /* URL+Extension.swift */ = {isa = PBXFileReference; fileEncoding = 4; lastKnownFileType = sourcecode.swift; path = "URL+Extension.swift"; sourceTree = "<group>"; };
		CECD8B7E2BFB6094008F421B /* URLParametersData.swift */ = {isa = PBXFileReference; fileEncoding = 4; lastKnownFileType = sourcecode.swift; path = URLParametersData.swift; sourceTree = "<group>"; };
		CECD8B7F2BFB6094008F421B /* URLRequest+Extension.swift */ = {isa = PBXFileReference; fileEncoding = 4; lastKnownFileType = sourcecode.swift; path = "URLRequest+Extension.swift"; sourceTree = "<group>"; };
		CECD8B9F2BFB609F008F421B /* BaseClient.swift */ = {isa = PBXFileReference; fileEncoding = 4; lastKnownFileType = sourcecode.swift; path = BaseClient.swift; sourceTree = "<group>"; };
/* End PBXFileReference section */

/* Begin PBXFrameworksBuildPhase section */
		CECD8B462BFB5DE4008F421B /* Frameworks */ = {
			isa = PBXFrameworksBuildPhase;
			buildActionMask = 2147483647;
			files = (
				CECD8B5E2BFB5F6D008F421B /* RealmSwift in Frameworks */,
				CECD8B5C2BFB5F6D008F421B /* Realm in Frameworks */,
			);
			runOnlyForDeploymentPostprocessing = 0;
		};
/* End PBXFrameworksBuildPhase section */

/* Begin PBXGroup section */
		CECD8B402BFB5DE4008F421B = {
			isa = PBXGroup;
			children = (
				CECD8B4B2BFB5DE4008F421B /* MoviesPro */,
				CECD8B4A2BFB5DE4008F421B /* Products */,
			);
			sourceTree = "<group>";
		};
		CECD8B4A2BFB5DE4008F421B /* Products */ = {
			isa = PBXGroup;
			children = (
				CECD8B492BFB5DE4008F421B /* MoviesPro.app */,
			);
			name = Products;
			sourceTree = "<group>";
		};
		CECD8B4B2BFB5DE4008F421B /* MoviesPro */ = {
			isa = PBXGroup;
			children = (
				CECD8B5F2BFB603F008F421B /* NetworkLayer */,
				CECD8B4C2BFB5DE4008F421B /* MoviesProApp.swift */,
				CECD8B4E2BFB5DE4008F421B /* ContentView.swift */,
				CECD8B502BFB5DE6008F421B /* Assets.xcassets */,
				CECD8B522BFB5DE6008F421B /* Preview Content */,
			);
			path = MoviesPro;
			sourceTree = "<group>";
		};
		CECD8B522BFB5DE6008F421B /* Preview Content */ = {
			isa = PBXGroup;
			children = (
				CECD8B532BFB5DE6008F421B /* Preview Assets.xcassets */,
			);
			path = "Preview Content";
			sourceTree = "<group>";
		};
		CECD8B5F2BFB603F008F421B /* NetworkLayer */ = {
			isa = PBXGroup;
			children = (
				CECD8B9F2BFB609F008F421B /* BaseClient.swift */,
				CECD8B802BFB6094008F421B /* HTTP */,
			);
			path = NetworkLayer;
			sourceTree = "<group>";
		};
		CECD8B622BFB6094008F421B /* HTTPStuctures */ = {
			isa = PBXGroup;
			children = (
				CECD8B602BFB6094008F421B /* HTTPMethod.swift */,
				CECD8B612BFB6094008F421B /* HTTPStatusCode.swift */,
			);
			path = HTTPStuctures;
			sourceTree = "<group>";
		};
		CECD8B682BFB6094008F421B /* Security */ = {
			isa = PBXGroup;
			children = (
				CECD8B632BFB6094008F421B /* CertificatesSecurity.swift */,
				CECD8B642BFB6094008F421B /* CredentialSecurity.swift */,
				CECD8B652BFB6094008F421B /* HTTPSecurity.swift */,
				CECD8B662BFB6094008F421B /* SelfSignedCertsSecurity.swift */,
				CECD8B672BFB6094008F421B /* SSLCertificate.swift */,
			);
			path = Security;
			sourceTree = "<group>";
		};
		CECD8B802BFB6094008F421B /* HTTP */ = {
			isa = PBXGroup;
			children = (
				CECD8B622BFB6094008F421B /* HTTPStuctures */,
				CECD8B682BFB6094008F421B /* Security */,
				CECD8B692BFB6094008F421B /* HTTPBody.swift */,
				CECD8B6A2BFB6094008F421B /* HTTPClient.swift */,
				CECD8B6B2BFB6094008F421B /* HTTPContentType.swift */,
				CECD8B6C2BFB6094008F421B /* HTTPDataLoader.swift */,
				CECD8B6D2BFB6094008F421B /* HTTPDataLoaderResponse.swift */,
				CECD8B6E2BFB6094008F421B /* HTTPDefaultValidator.swift */,
				CECD8B6F2BFB6094008F421B /* HTTPError.swift */,
				CECD8B702BFB6094008F421B /* HTTPHeaders.swift */,
				CECD8B712BFB6094008F421B /* HTTPProgress.swift */,
				CECD8B722BFB6094008F421B /* HTTPRequest.swift */,
				CECD8B732BFB6094008F421B /* HTTPResponse.swift */,
				CECD8B742BFB6094008F421B /* HTTPResponseTransform.swift */,
				CECD8B752BFB6094008F421B /* HTTPScheme.swift */,
				CECD8B762BFB6094008F421B /* HTTPSerializableBody.swift */,
				CECD8B772BFB6094008F421B /* HTTPValidator.swift */,
				CECD8B782BFB6094008F421B /* MIMEType.swift */,
				CECD8B792BFB6094008F421B /* RWLock.swift */,
				CECD8B7A2BFB6094008F421B /* StreamContent.swift */,
				CECD8B7B2BFB6094008F421B /* TargetType.swift */,
				CECD8B7C2BFB6094008F421B /* URITemplate.swift */,
				CECD8B7D2BFB6094008F421B /* URL+Extension.swift */,
				CECD8B7E2BFB6094008F421B /* URLParametersData.swift */,
				CECD8B7F2BFB6094008F421B /* URLRequest+Extension.swift */,
			);
			path = HTTP;
			sourceTree = "<group>";
		};
/* End PBXGroup section */

/* Begin PBXNativeTarget section */
		CECD8B482BFB5DE4008F421B /* MoviesPro */ = {
			isa = PBXNativeTarget;
			buildConfigurationList = CECD8B572BFB5DE6008F421B /* Build configuration list for PBXNativeTarget "MoviesPro" */;
			buildPhases = (
				CECD8B452BFB5DE4008F421B /* Sources */,
				CECD8B462BFB5DE4008F421B /* Frameworks */,
				CECD8B472BFB5DE4008F421B /* Resources */,
			);
			buildRules = (
			);
			dependencies = (
			);
			name = MoviesPro;
			packageProductDependencies = (
				CECD8B5B2BFB5F6D008F421B /* Realm */,
				CECD8B5D2BFB5F6D008F421B /* RealmSwift */,
			);
			productName = MoviesPro;
			productReference = CECD8B492BFB5DE4008F421B /* MoviesPro.app */;
			productType = "com.apple.product-type.application";
		};
/* End PBXNativeTarget section */

/* Begin PBXProject section */
		CECD8B412BFB5DE4008F421B /* Project object */ = {
			isa = PBXProject;
			attributes = {
				BuildIndependentTargetsInParallel = 1;
				LastSwiftUpdateCheck = 1530;
				LastUpgradeCheck = 1530;
				TargetAttributes = {
					CECD8B482BFB5DE4008F421B = {
						CreatedOnToolsVersion = 15.3;
					};
				};
			};
			buildConfigurationList = CECD8B442BFB5DE4008F421B /* Build configuration list for PBXProject "MoviesPro" */;
			compatibilityVersion = "Xcode 14.0";
			developmentRegion = en;
			hasScannedForEncodings = 0;
			knownRegions = (
				en,
				Base,
			);
			mainGroup = CECD8B402BFB5DE4008F421B;
			packageReferences = (
				CECD8B5A2BFB5F6D008F421B /* XCRemoteSwiftPackageReference "realm-swift" */,
			);
			productRefGroup = CECD8B4A2BFB5DE4008F421B /* Products */;
			projectDirPath = "";
			projectRoot = "";
			targets = (
				CECD8B482BFB5DE4008F421B /* MoviesPro */,
			);
		};
/* End PBXProject section */

/* Begin PBXResourcesBuildPhase section */
		CECD8B472BFB5DE4008F421B /* Resources */ = {
			isa = PBXResourcesBuildPhase;
			buildActionMask = 2147483647;
			files = (
				CECD8B542BFB5DE6008F421B /* Preview Assets.xcassets in Resources */,
				CECD8B512BFB5DE6008F421B /* Assets.xcassets in Resources */,
			);
			runOnlyForDeploymentPostprocessing = 0;
		};
/* End PBXResourcesBuildPhase section */

/* Begin PBXSourcesBuildPhase section */
		CECD8B452BFB5DE4008F421B /* Sources */ = {
			isa = PBXSourcesBuildPhase;
			buildActionMask = 2147483647;
			files = (
				CECD8B4F2BFB5DE4008F421B /* ContentView.swift in Sources */,
				CECD8B8A2BFB6094008F421B /* HTTPContentType.swift in Sources */,
				CECD8B942BFB6094008F421B /* HTTPScheme.swift in Sources */,
				CECD8B9D2BFB6094008F421B /* URLParametersData.swift in Sources */,
				CECD8BA02BFB609F008F421B /* BaseClient.swift in Sources */,
				CECD8B4D2BFB5DE4008F421B /* MoviesProApp.swift in Sources */,
				CECD8B8D2BFB6094008F421B /* HTTPDefaultValidator.swift in Sources */,
				CECD8B952BFB6094008F421B /* HTTPSerializableBody.swift in Sources */,
				CECD8B932BFB6094008F421B /* HTTPResponseTransform.swift in Sources */,
				CECD8B902BFB6094008F421B /* HTTPProgress.swift in Sources */,
				CECD8B8E2BFB6094008F421B /* HTTPError.swift in Sources */,
				CECD8B852BFB6094008F421B /* HTTPSecurity.swift in Sources */,
				CECD8B842BFB6094008F421B /* CredentialSecurity.swift in Sources */,
				CECD8B9B2BFB6094008F421B /* URITemplate.swift in Sources */,
				CECD8B8B2BFB6094008F421B /* HTTPDataLoader.swift in Sources */,
				CECD8B8F2BFB6094008F421B /* HTTPHeaders.swift in Sources */,
				CECD8B832BFB6094008F421B /* CertificatesSecurity.swift in Sources */,
				CECD8B8C2BFB6094008F421B /* HTTPDataLoaderResponse.swift in Sources */,
				CECD8B922BFB6094008F421B /* HTTPResponse.swift in Sources */,
				CECD8B862BFB6094008F421B /* SelfSignedCertsSecurity.swift in Sources */,
				CECD8B892BFB6094008F421B /* HTTPClient.swift in Sources */,
				CECD8B872BFB6094008F421B /* SSLCertificate.swift in Sources */,
				CECD8B822BFB6094008F421B /* HTTPStatusCode.swift in Sources */,
				CECD8B9A2BFB6094008F421B /* TargetType.swift in Sources */,
				CECD8B962BFB6094008F421B /* HTTPValidator.swift in Sources */,
				CECD8B9C2BFB6094008F421B /* URL+Extension.swift in Sources */,
				CECD8B9E2BFB6094008F421B /* URLRequest+Extension.swift in Sources */,
				CECD8B982BFB6094008F421B /* RWLock.swift in Sources */,
				CECD8B972BFB6094008F421B /* MIMEType.swift in Sources */,
				CECD8B912BFB6094008F421B /* HTTPRequest.swift in Sources */,
				CECD8B812BFB6094008F421B /* HTTPMethod.swift in Sources */,
				CECD8B992BFB6094008F421B /* StreamContent.swift in Sources */,
				CECD8B882BFB6094008F421B /* HTTPBody.swift in Sources */,
			);
			runOnlyForDeploymentPostprocessing = 0;
		};
/* End PBXSourcesBuildPhase section */

/* Begin XCBuildConfiguration section */
		CECD8B552BFB5DE6008F421B /* Debug */ = {
			isa = XCBuildConfiguration;
			buildSettings = {
				ALWAYS_SEARCH_USER_PATHS = NO;
				ASSETCATALOG_COMPILER_GENERATE_SWIFT_ASSET_SYMBOL_EXTENSIONS = YES;
				CLANG_ANALYZER_NONNULL = YES;
				CLANG_ANALYZER_NUMBER_OBJECT_CONVERSION = YES_AGGRESSIVE;
				CLANG_CXX_LANGUAGE_STANDARD = "gnu++20";
				CLANG_ENABLE_MODULES = YES;
				CLANG_ENABLE_OBJC_ARC = YES;
				CLANG_ENABLE_OBJC_WEAK = YES;
				CLANG_WARN_BLOCK_CAPTURE_AUTORELEASING = YES;
				CLANG_WARN_BOOL_CONVERSION = YES;
				CLANG_WARN_COMMA = YES;
				CLANG_WARN_CONSTANT_CONVERSION = YES;
				CLANG_WARN_DEPRECATED_OBJC_IMPLEMENTATIONS = YES;
				CLANG_WARN_DIRECT_OBJC_ISA_USAGE = YES_ERROR;
				CLANG_WARN_DOCUMENTATION_COMMENTS = YES;
				CLANG_WARN_EMPTY_BODY = YES;
				CLANG_WARN_ENUM_CONVERSION = YES;
				CLANG_WARN_INFINITE_RECURSION = YES;
				CLANG_WARN_INT_CONVERSION = YES;
				CLANG_WARN_NON_LITERAL_NULL_CONVERSION = YES;
				CLANG_WARN_OBJC_IMPLICIT_RETAIN_SELF = YES;
				CLANG_WARN_OBJC_LITERAL_CONVERSION = YES;
				CLANG_WARN_OBJC_ROOT_CLASS = YES_ERROR;
				CLANG_WARN_QUOTED_INCLUDE_IN_FRAMEWORK_HEADER = YES;
				CLANG_WARN_RANGE_LOOP_ANALYSIS = YES;
				CLANG_WARN_STRICT_PROTOTYPES = YES;
				CLANG_WARN_SUSPICIOUS_MOVE = YES;
				CLANG_WARN_UNGUARDED_AVAILABILITY = YES_AGGRESSIVE;
				CLANG_WARN_UNREACHABLE_CODE = YES;
				CLANG_WARN__DUPLICATE_METHOD_MATCH = YES;
				COPY_PHASE_STRIP = NO;
				DEBUG_INFORMATION_FORMAT = dwarf;
				ENABLE_STRICT_OBJC_MSGSEND = YES;
				ENABLE_TESTABILITY = YES;
				ENABLE_USER_SCRIPT_SANDBOXING = YES;
				GCC_C_LANGUAGE_STANDARD = gnu17;
				GCC_DYNAMIC_NO_PIC = NO;
				GCC_NO_COMMON_BLOCKS = YES;
				GCC_OPTIMIZATION_LEVEL = 0;
				GCC_PREPROCESSOR_DEFINITIONS = (
					"DEBUG=1",
					"$(inherited)",
				);
				GCC_WARN_64_TO_32_BIT_CONVERSION = YES;
				GCC_WARN_ABOUT_RETURN_TYPE = YES_ERROR;
				GCC_WARN_UNDECLARED_SELECTOR = YES;
				GCC_WARN_UNINITIALIZED_AUTOS = YES_AGGRESSIVE;
				GCC_WARN_UNUSED_FUNCTION = YES;
				GCC_WARN_UNUSED_VARIABLE = YES;
				IPHONEOS_DEPLOYMENT_TARGET = 17.4;
				LOCALIZATION_PREFERS_STRING_CATALOGS = YES;
				MTL_ENABLE_DEBUG_INFO = INCLUDE_SOURCE;
				MTL_FAST_MATH = YES;
				ONLY_ACTIVE_ARCH = YES;
				SDKROOT = iphoneos;
				SWIFT_ACTIVE_COMPILATION_CONDITIONS = "DEBUG $(inherited)";
				SWIFT_OPTIMIZATION_LEVEL = "-Onone";
			};
			name = Debug;
		};
		CECD8B562BFB5DE6008F421B /* Release */ = {
			isa = XCBuildConfiguration;
			buildSettings = {
				ALWAYS_SEARCH_USER_PATHS = NO;
				ASSETCATALOG_COMPILER_GENERATE_SWIFT_ASSET_SYMBOL_EXTENSIONS = YES;
				CLANG_ANALYZER_NONNULL = YES;
				CLANG_ANALYZER_NUMBER_OBJECT_CONVERSION = YES_AGGRESSIVE;
				CLANG_CXX_LANGUAGE_STANDARD = "gnu++20";
				CLANG_ENABLE_MODULES = YES;
				CLANG_ENABLE_OBJC_ARC = YES;
				CLANG_ENABLE_OBJC_WEAK = YES;
				CLANG_WARN_BLOCK_CAPTURE_AUTORELEASING = YES;
				CLANG_WARN_BOOL_CONVERSION = YES;
				CLANG_WARN_COMMA = YES;
				CLANG_WARN_CONSTANT_CONVERSION = YES;
				CLANG_WARN_DEPRECATED_OBJC_IMPLEMENTATIONS = YES;
				CLANG_WARN_DIRECT_OBJC_ISA_USAGE = YES_ERROR;
				CLANG_WARN_DOCUMENTATION_COMMENTS = YES;
				CLANG_WARN_EMPTY_BODY = YES;
				CLANG_WARN_ENUM_CONVERSION = YES;
				CLANG_WARN_INFINITE_RECURSION = YES;
				CLANG_WARN_INT_CONVERSION = YES;
				CLANG_WARN_NON_LITERAL_NULL_CONVERSION = YES;
				CLANG_WARN_OBJC_IMPLICIT_RETAIN_SELF = YES;
				CLANG_WARN_OBJC_LITERAL_CONVERSION = YES;
				CLANG_WARN_OBJC_ROOT_CLASS = YES_ERROR;
				CLANG_WARN_QUOTED_INCLUDE_IN_FRAMEWORK_HEADER = YES;
				CLANG_WARN_RANGE_LOOP_ANALYSIS = YES;
				CLANG_WARN_STRICT_PROTOTYPES = YES;
				CLANG_WARN_SUSPICIOUS_MOVE = YES;
				CLANG_WARN_UNGUARDED_AVAILABILITY = YES_AGGRESSIVE;
				CLANG_WARN_UNREACHABLE_CODE = YES;
				CLANG_WARN__DUPLICATE_METHOD_MATCH = YES;
				COPY_PHASE_STRIP = NO;
				DEBUG_INFORMATION_FORMAT = "dwarf-with-dsym";
				ENABLE_NS_ASSERTIONS = NO;
				ENABLE_STRICT_OBJC_MSGSEND = YES;
				ENABLE_USER_SCRIPT_SANDBOXING = YES;
				GCC_C_LANGUAGE_STANDARD = gnu17;
				GCC_NO_COMMON_BLOCKS = YES;
				GCC_WARN_64_TO_32_BIT_CONVERSION = YES;
				GCC_WARN_ABOUT_RETURN_TYPE = YES_ERROR;
				GCC_WARN_UNDECLARED_SELECTOR = YES;
				GCC_WARN_UNINITIALIZED_AUTOS = YES_AGGRESSIVE;
				GCC_WARN_UNUSED_FUNCTION = YES;
				GCC_WARN_UNUSED_VARIABLE = YES;
				IPHONEOS_DEPLOYMENT_TARGET = 17.4;
				LOCALIZATION_PREFERS_STRING_CATALOGS = YES;
				MTL_ENABLE_DEBUG_INFO = NO;
				MTL_FAST_MATH = YES;
				SDKROOT = iphoneos;
				SWIFT_COMPILATION_MODE = wholemodule;
				VALIDATE_PRODUCT = YES;
			};
			name = Release;
		};
		CECD8B582BFB5DE6008F421B /* Debug */ = {
			isa = XCBuildConfiguration;
			buildSettings = {
				ASSETCATALOG_COMPILER_APPICON_NAME = AppIcon;
				ASSETCATALOG_COMPILER_GLOBAL_ACCENT_COLOR_NAME = AccentColor;
				CODE_SIGN_STYLE = Automatic;
				CURRENT_PROJECT_VERSION = 1;
				DEVELOPMENT_ASSET_PATHS = "\"MoviesPro/Preview Content\"";
				DEVELOPMENT_TEAM = RSC8AR989T;
				ENABLE_PREVIEWS = YES;
				GENERATE_INFOPLIST_FILE = YES;
				INFOPLIST_KEY_UIApplicationSceneManifest_Generation = YES;
				INFOPLIST_KEY_UIApplicationSupportsIndirectInputEvents = YES;
				INFOPLIST_KEY_UILaunchScreen_Generation = YES;
				INFOPLIST_KEY_UISupportedInterfaceOrientations_iPad = "UIInterfaceOrientationPortrait UIInterfaceOrientationPortraitUpsideDown UIInterfaceOrientationLandscapeLeft UIInterfaceOrientationLandscapeRight";
				INFOPLIST_KEY_UISupportedInterfaceOrientations_iPhone = "UIInterfaceOrientationPortrait UIInterfaceOrientationLandscapeLeft UIInterfaceOrientationLandscapeRight";
				IPHONEOS_DEPLOYMENT_TARGET = 17.0;
				LD_RUNPATH_SEARCH_PATHS = (
					"$(inherited)",
					"@executable_path/Frameworks",
				);
				MARKETING_VERSION = 1.0;
				PRODUCT_BUNDLE_IDENTIFIER = "Boris-Zverik.MoviesPro";
				PRODUCT_NAME = "$(TARGET_NAME)";
				SUPPORTED_PLATFORMS = "iphoneos iphonesimulator";
				SUPPORTS_MACCATALYST = NO;
				SUPPORTS_MAC_DESIGNED_FOR_IPHONE_IPAD = NO;
				SUPPORTS_XR_DESIGNED_FOR_IPHONE_IPAD = NO;
				SWIFT_EMIT_LOC_STRINGS = YES;
				SWIFT_VERSION = 5.0;
				TARGETED_DEVICE_FAMILY = 1;
			};
			name = Debug;
		};
		CECD8B592BFB5DE6008F421B /* Release */ = {
			isa = XCBuildConfiguration;
			buildSettings = {
				ASSETCATALOG_COMPILER_APPICON_NAME = AppIcon;
				ASSETCATALOG_COMPILER_GLOBAL_ACCENT_COLOR_NAME = AccentColor;
				CODE_SIGN_STYLE = Automatic;
				CURRENT_PROJECT_VERSION = 1;
				DEVELOPMENT_ASSET_PATHS = "\"MoviesPro/Preview Content\"";
				DEVELOPMENT_TEAM = RSC8AR989T;
				ENABLE_PREVIEWS = YES;
				GENERATE_INFOPLIST_FILE = YES;
				INFOPLIST_KEY_UIApplicationSceneManifest_Generation = YES;
				INFOPLIST_KEY_UIApplicationSupportsIndirectInputEvents = YES;
				INFOPLIST_KEY_UILaunchScreen_Generation = YES;
				INFOPLIST_KEY_UISupportedInterfaceOrientations_iPad = "UIInterfaceOrientationPortrait UIInterfaceOrientationPortraitUpsideDown UIInterfaceOrientationLandscapeLeft UIInterfaceOrientationLandscapeRight";
				INFOPLIST_KEY_UISupportedInterfaceOrientations_iPhone = "UIInterfaceOrientationPortrait UIInterfaceOrientationLandscapeLeft UIInterfaceOrientationLandscapeRight";
				IPHONEOS_DEPLOYMENT_TARGET = 17.0;
				LD_RUNPATH_SEARCH_PATHS = (
					"$(inherited)",
					"@executable_path/Frameworks",
				);
				MARKETING_VERSION = 1.0;
				PRODUCT_BUNDLE_IDENTIFIER = "Boris-Zverik.MoviesPro";
				PRODUCT_NAME = "$(TARGET_NAME)";
				SUPPORTED_PLATFORMS = "iphoneos iphonesimulator";
				SUPPORTS_MACCATALYST = NO;
				SUPPORTS_MAC_DESIGNED_FOR_IPHONE_IPAD = NO;
				SUPPORTS_XR_DESIGNED_FOR_IPHONE_IPAD = NO;
				SWIFT_EMIT_LOC_STRINGS = YES;
				SWIFT_VERSION = 5.0;
				TARGETED_DEVICE_FAMILY = 1;
			};
			name = Release;
		};
/* End XCBuildConfiguration section */

/* Begin XCConfigurationList section */
		CECD8B442BFB5DE4008F421B /* Build configuration list for PBXProject "MoviesPro" */ = {
			isa = XCConfigurationList;
			buildConfigurations = (
				CECD8B552BFB5DE6008F421B /* Debug */,
				CECD8B562BFB5DE6008F421B /* Release */,
			);
			defaultConfigurationIsVisible = 0;
			defaultConfigurationName = Release;
		};
		CECD8B572BFB5DE6008F421B /* Build configuration list for PBXNativeTarget "MoviesPro" */ = {
			isa = XCConfigurationList;
			buildConfigurations = (
				CECD8B582BFB5DE6008F421B /* Debug */,
				CECD8B592BFB5DE6008F421B /* Release */,
			);
			defaultConfigurationIsVisible = 0;
			defaultConfigurationName = Release;
		};
/* End XCConfigurationList section */

/* Begin XCRemoteSwiftPackageReference section */
		CECD8B5A2BFB5F6D008F421B /* XCRemoteSwiftPackageReference "realm-swift" */ = {
			isa = XCRemoteSwiftPackageReference;
			repositoryURL = "https://github.com/realm/realm-swift.git";
			requirement = {
				branch = master;
				kind = branch;
			};
		};
/* End XCRemoteSwiftPackageReference section */

/* Begin XCSwiftPackageProductDependency section */
		CECD8B5B2BFB5F6D008F421B /* Realm */ = {
			isa = XCSwiftPackageProductDependency;
			package = CECD8B5A2BFB5F6D008F421B /* XCRemoteSwiftPackageReference "realm-swift" */;
			productName = Realm;
		};
		CECD8B5D2BFB5F6D008F421B /* RealmSwift */ = {
			isa = XCSwiftPackageProductDependency;
			package = CECD8B5A2BFB5F6D008F421B /* XCRemoteSwiftPackageReference "realm-swift" */;
			productName = RealmSwift;
		};
/* End XCSwiftPackageProductDependency section */
	};
	rootObject = CECD8B412BFB5DE4008F421B /* Project object */;
}
